
Microsoft Visual Studio Solution File, Format Version 11.00
# Visual Studio 2010
Project("{FAE04EC0-301F-11D3-BF4B-00C04F79EFBC}") = "MuseumManager", "Assembly-CSharp.csproj", "{F8894339-24CB-A5CA-9ED0-448D985AB3F8}"
EndProject
Project("{FAE04EC0-301F-11D3-BF4B-00C04F79EFBC}") = "MuseumManager", "Assembly-CSharp-firstpass.csproj", "{0BB1D2F2-6CE5-E0C2-3735-7F76F7C09DE6}"
EndProject
Project("{FAE04EC0-301F-11D3-BF4B-00C04F79EFBC}") = "MuseumManager", "Assembly-CSharp-Editor.csproj", "{8C0460C1-D0BD-6177-472D-4A6352962CCC}"
EndProject
Project("{FAE04EC0-301F-11D3-BF4B-00C04F79EFBC}") = "MuseumManager", "Assembly-CSharp-Editor-firstpass.csproj", "{0048C5B6-FAF6-3AB5-7EA7-77D6229947CD}"
EndProject
Global
	GlobalSection(SolutionConfigurationPlatforms) = preSolution
		Debug|Any CPU = Debug|Any CPU
		Release|Any CPU = Release|Any CPU
	EndGlobalSection
	GlobalSection(ProjectConfigurationPlatforms) = postSolution
		{F8894339-24CB-A5CA-9ED0-448D985AB3F8}.Debug|Any CPU.ActiveCfg = Debug|Any CPU
		{F8894339-24CB-A5CA-9ED0-448D985AB3F8}.Debug|Any CPU.Build.0 = Debug|Any CPU
		{F8894339-24CB-A5CA-9ED0-448D985AB3F8}.Release|Any CPU.ActiveCfg = Release|Any CPU
		{F8894339-24CB-A5CA-9ED0-448D985AB3F8}.Release|Any CPU.Build.0 = Release|Any CPU
		{0BB1D2F2-6CE5-E0C2-3735-7F76F7C09DE6}.Debug|Any CPU.ActiveCfg = Debug|Any CPU
		{0BB1D2F2-6CE5-E0C2-3735-7F76F7C09DE6}.Debug|Any CPU.Build.0 = Debug|Any CPU
		{0BB1D2F2-6CE5-E0C2-3735-7F76F7C09DE6}.Release|Any CPU.ActiveCfg = Release|Any CPU
		{0BB1D2F2-6CE5-E0C2-3735-7F76F7C09DE6}.Release|Any CPU.Build.0 = Release|Any CPU
		{8C0460C1-D0BD-6177-472D-4A6352962CCC}.Debug|Any CPU.ActiveCfg = Debug|Any CPU
		{8C0460C1-D0BD-6177-472D-4A6352962CCC}.Debug|Any CPU.Build.0 = Debug|Any CPU
		{8C0460C1-D0BD-6177-472D-4A6352962CCC}.Release|Any CPU.ActiveCfg = Release|Any CPU
		{8C0460C1-D0BD-6177-472D-4A6352962CCC}.Release|Any CPU.Build.0 = Release|Any CPU
		{0048C5B6-FAF6-3AB5-7EA7-77D6229947CD}.Debug|Any CPU.ActiveCfg = Debug|Any CPU
		{0048C5B6-FAF6-3AB5-7EA7-77D6229947CD}.Debug|Any CPU.Build.0 = Debug|Any CPU
		{0048C5B6-FAF6-3AB5-7EA7-77D6229947CD}.Release|Any CPU.ActiveCfg = Release|Any CPU
		{0048C5B6-FAF6-3AB5-7EA7-77D6229947CD}.Release|Any CPU.Build.0 = Release|Any CPU
	EndGlobalSection
	GlobalSection(SolutionProperties) = preSolution
		HideSolutionNode = FALSE
	EndGlobalSection
	GlobalSection(MonoDevelopProperties) = preSolution
		StartupItem = Assembly-CSharp.csproj
	EndGlobalSection
EndGlobal
